{
  "requires": true,
  "lockfileVersion": 1,
  "dependencies": {
    "@kurkle/color": {
      "version": "0.3.2",
      "resolved": "https://registry.npmjs.org/@kurkle/color/-/color-0.3.2.tgz",
      "integrity": "sha512-fuscdXJ9G1qb7W8VdHi+IwRqij3lBkosAm4ydQtEmbY58OzHXqQhvlxqEkoz0yssNVn38bcpRWgA9PP+OGoisw=="
    },
    "lodash-es": {
      "version": "4.17.21",
      "resolved": "https://registry.npmjs.org/lodash-es/-/lodash-es-4.17.21.tgz",
      "integrity": "sha512-mKnC+QJ9pWVzv+C4/U3rRsHapFfHvQFoFB92e52xeyGMcX6/OlIl78je1u8vePzYZSkkogMPJ2yjxxsb89cxyw=="
    },
    "ng2-charts": {
      "version": "4.1.1",
      "resolved": "https://registry.npmjs.org/ng2-charts/-/ng2-charts-4.1.1.tgz",
      "integrity": "sha512-iHwXDbmX86lfeH8VRcsaW2tJATsuAZo4kvvC/Yk2l35zOHjevja1qBvO6BAibiDazi9r9aS6ZRJOqWPsz1pP2w==",
      "requires": {
        "lodash-es": "^4.17.15",
        "tslib": "^2.3.0"
      }
    },
    "tslib": {
      "version": "2.5.0",
      "resolved": "https://registry.npmjs.org/tslib/-/tslib-2.5.0.tgz",
      "integrity": "sha512-336iVw3rtn2BUK7ORdIAHTyxHGRIHVReokCR3XjbckJMK7ms8FysBfhLR8IXnAgy7T0PTPNBWKiH514FOW/WSg=="
    }
  }
}
